# THIS IS AN AUTOGENERATED FILE. DO NOT EDIT THIS FILE DIRECTLY.
# yarn lockfile v1


"@figma/plugin-typings@^1.30.0":
  version "1.30.0"
  resolved "https://registry.yarnpkg.com/@figma/plugin-typings/-/plugin-typings-1.30.0.tgz#2c71b99d0312d2859130d2d366f096acd88babe6"
  integrity sha512-KQQPrsUNoZKF9zUG6YvaQk528/LinTzjxCu4eoyOFhx10jdlOqvgLEU7hbVZZxtbKcEFjhUiC3edc185kfCKNw==
